{
    "_readme": [
        "This file locks the dependencies of your project to a known state",
        "Read more about it at https://getcomposer.org/doc/01-basic-usage.md#composer-lock-the-lock-file",
        "This file is @generated automatically"
    ],
    "hash": "1e53bb11cecf5394eb434cfd5b1dea31",
    "content-hash": "8883fa07929b081170f27aaea865a87c",
    "packages": [
        {
            "name": "doctrine/inflector",
            "version": "v1.1.0",
            "source": {
                "type": "git",
                "url": "https://github.com/doctrine/inflector.git",
                "reference": "90b2128806bfde671b6952ab8bea493942c1fdae"
            },
            "dist": {
                "type": "zip",
                "url": "https://api.github.com/repos/doctrine/inflector/zipball/90b2128806bfde671b6952ab8bea493942c1fdae",
                "reference": "90b2128806bfde671b6952ab8bea493942c1fdae",
                "shasum": ""
            },
            "require": {
                "php": ">=5.3.2"
            },
            "require-dev": {
                "phpunit/phpunit": "4.*"
            },
            "type": "library",
            "extra": {
                "branch-alias": {
                    "dev-master": "1.1.x-dev"
                }
            },
            "autoload": {
                "psr-0": {
                    "Doctrine\\Common\\Inflector\\": "lib/"
                }
            },
            "notification-url": "https://packagist.org/downloads/",
            "license": [
                "MIT"
            ],
            "authors": [
                {
                    "name": "Roman Borschel",
                    "email": "roman@code-factory.org"
                },
                {
                    "name": "Benjamin Eberlei",
                    "email": "kontakt@beberlei.de"
                },
                {
                    "name": "Guilherme Blanco",
                    "email": "guilhermeblanco@gmail.com"
                },
                {
                    "name": "Jonathan Wage",
                    "email": "jonwage@gmail.com"
                },
                {
                    "name": "Johannes Schmitt",
                    "email": "schmittjoh@gmail.com"
                }
            ],
            "description": "Common String Manipulations with regard to casing and singular/plural rules.",
            "homepage": "http://www.doctrine-project.org",
            "keywords": [
                "inflection",
                "pluralize",
                "singularize",
                "string"
            ],
            "time": "2015-11-06 14:35:42"
        },
        {
            "name": "google/apiclient",
            "version": "v1.1.8",
            "source": {
                "type": "git",
                "url": "https://github.com/google/google-api-php-client.git",
                "reference": "85309a3520bb5f53368d43e35fd24f43c9556323"
            },
            "dist": {
                "type": "zip",
                "url": "https://api.github.com/repos/google/google-api-php-client/zipball/85309a3520bb5f53368d43e35fd24f43c9556323",
                "reference": "85309a3520bb5f53368d43e35fd24f43c9556323",
                "shasum": ""
            },
            "require": {
                "php": ">=5.2.1"
            },
            "require-dev": {
                "phpunit/phpunit": "3.7.*",
                "squizlabs/php_codesniffer": "~2.3"
            },
            "type": "library",
            "extra": {
                "branch-alias": {
                    "dev-v1-master": "1.1.x-dev"
                }
            },
            "autoload": {
                "files": [
                    "src/Google/autoload.php"
                ]
            },
            "notification-url": "https://packagist.org/downloads/",
            "license": [
                "Apache-2.0"
            ],
            "description": "Client library for Google APIs",
            "homepage": "http://developers.google.com/api-client-library/php",
            "keywords": [
                "google"
            ],
            "time": "2016-06-06 21:22:48"
        },
        {
            "name": "illuminate/contracts",
            "version": "v5.3.0",
            "source": {
                "type": "git",
                "url": "https://github.com/illuminate/contracts.git",
                "reference": "f766fc0452d82d545b866a8ad5860b20ccd50763"
            },
            "dist": {
                "type": "zip",
                "url": "https://api.github.com/repos/illuminate/contracts/zipball/f766fc0452d82d545b866a8ad5860b20ccd50763",
                "reference": "f766fc0452d82d545b866a8ad5860b20ccd50763",
                "shasum": ""
            },
            "require": {
                "php": ">=5.6.4"
            },
            "type": "library",
            "extra": {
                "branch-alias": {
                    "dev-master": "5.3-dev"
                }
            },
            "autoload": {
                "psr-4": {
                    "Illuminate\\Contracts\\": ""
                }
            },
            "notification-url": "https://packagist.org/downloads/",
            "license": [
                "MIT"
            ],
            "authors": [
                {
                    "name": "Taylor Otwell",
                    "email": "taylor@laravel.com"
                }
            ],
            "description": "The Illuminate Contracts package.",
            "homepage": "https://laravel.com",
            "time": "2016-08-21 12:37:00"
        },
        {
            "name": "illuminate/support",
            "version": "v5.3.0",
            "source": {
                "type": "git",
                "url": "https://github.com/illuminate/support.git",
                "reference": "6fe5a61e6af5b928a07aca2f278e4651160996f3"
            },
            "dist": {
                "type": "zip",
                "url": "https://api.github.com/repos/illuminate/support/zipball/6fe5a61e6af5b928a07aca2f278e4651160996f3",
                "reference": "6fe5a61e6af5b928a07aca2f278e4651160996f3",
                "shasum": ""
            },
            "require": {
                "doctrine/inflector": "~1.0",
                "ext-mbstring": "*",
                "illuminate/contracts": "5.3.*",
                "paragonie/random_compat": "~1.4|~2.0",
                "php": ">=5.6.4"
            },
            "replace": {
                "tightenco/collect": "self.version"
            },
            "suggest": {
                "illuminate/filesystem": "Required to use the composer class (5.2.*).",
                "symfony/process": "Required to use the composer class (3.1.*).",
                "symfony/var-dumper": "Required to use the dd function (3.1.*)."
            },
            "type": "library",
            "extra": {
                "branch-alias": {
                    "dev-master": "5.3-dev"
                }
            },
            "autoload": {
                "psr-4": {
                    "Illuminate\\Support\\": ""
                },
                "files": [
                    "helpers.php"
                ]
            },
            "notification-url": "https://packagist.org/downloads/",
            "license": [
                "MIT"
            ],
            "authors": [
                {
                    "name": "Taylor Otwell",
                    "email": "taylor@laravel.com"
                }
            ],
            "description": "The Illuminate Support package.",
            "homepage": "https://laravel.com",
            "time": "2016-08-19 12:28:00"
        },
        {
            "name": "league/flysystem",
            "version": "1.0.27",
            "source": {
                "type": "git",
                "url": "https://github.com/thephpleague/flysystem.git",
                "reference": "50e2045ed70a7e75a5e30bc3662904f3b67af8a9"
            },
            "dist": {
                "type": "zip",
                "url": "https://api.github.com/repos/thephpleague/flysystem/zipball/50e2045ed70a7e75a5e30bc3662904f3b67af8a9",
                "reference": "50e2045ed70a7e75a5e30bc3662904f3b67af8a9",
                "shasum": ""
            },
            "require": {
                "php": ">=5.4.0"
            },
            "conflict": {
                "league/flysystem-sftp": "<1.0.6"
            },
            "require-dev": {
                "ext-fileinfo": "*",
                "mockery/mockery": "~0.9",
                "phpspec/phpspec": "^2.2",
                "phpunit/phpunit": "~4.8"
            },
            "suggest": {
                "ext-fileinfo": "Required for MimeType",
                "league/flysystem-aws-s3-v2": "Allows you to use S3 storage with AWS SDK v2",
                "league/flysystem-aws-s3-v3": "Allows you to use S3 storage with AWS SDK v3",
                "league/flysystem-azure": "Allows you to use Windows Azure Blob storage",
                "league/flysystem-cached-adapter": "Flysystem adapter decorator for metadata caching",
                "league/flysystem-copy": "Allows you to use Copy.com storage",
                "league/flysystem-dropbox": "Allows you to use Dropbox storage",
                "league/flysystem-eventable-filesystem": "Allows you to use EventableFilesystem",
                "league/flysystem-rackspace": "Allows you to use Rackspace Cloud Files",
                "league/flysystem-sftp": "Allows you to use SFTP server storage via phpseclib",
                "league/flysystem-webdav": "Allows you to use WebDAV storage",
                "league/flysystem-ziparchive": "Allows you to use ZipArchive adapter"
            },
            "type": "library",
            "extra": {
                "branch-alias": {
                    "dev-master": "1.1-dev"
                }
            },
            "autoload": {
                "psr-4": {
                    "League\\Flysystem\\": "src/"
                }
            },
            "notification-url": "https://packagist.org/downloads/",
            "license": [
                "MIT"
            ],
            "authors": [
                {
                    "name": "Frank de Jonge",
                    "email": "info@frenky.net"
                }
            ],
            "description": "Filesystem abstraction: Many filesystems, one API.",
            "keywords": [
                "Cloud Files",
                "WebDAV",
                "abstraction",
                "aws",
                "cloud",
                "copy.com",
                "dropbox",
                "file systems",
                "files",
                "filesystem",
                "filesystems",
                "ftp",
                "rackspace",
                "remote",
                "s3",
                "sftp",
                "storage"
            ],
            "time": "2016-08-10 08:55:11"
        },
        {
            "name": "paragonie/random_compat",
            "version": "v2.0.2",
            "source": {
                "type": "git",
                "url": "https://github.com/paragonie/random_compat.git",
                "reference": "088c04e2f261c33bed6ca5245491cfca69195ccf"
            },
            "dist": {
                "type": "zip",
                "url": "https://api.github.com/repos/paragonie/random_compat/zipball/088c04e2f261c33bed6ca5245491cfca69195ccf",
                "reference": "088c04e2f261c33bed6ca5245491cfca69195ccf",
                "shasum": ""
            },
            "require": {
                "php": ">=5.2.0"
            },
            "require-dev": {
                "phpunit/phpunit": "4.*|5.*"
            },
            "suggest": {
                "ext-libsodium": "Provides a modern crypto API that can be used to generate random bytes."
            },
            "type": "library",
            "autoload": {
                "files": [
                    "lib/random.php"
                ]
            },
            "notification-url": "https://packagist.org/downloads/",
            "license": [
                "MIT"
            ],
            "authors": [
                {
                    "name": "Paragon Initiative Enterprises",
                    "email": "security@paragonie.com",
                    "homepage": "https://paragonie.com"
                }
            ],
            "description": "PHP 5.x polyfill for random_bytes() and random_int() from PHP 7",
            "keywords": [
                "csprng",
                "pseudorandom",
                "random"
            ],
            "time": "2016-04-03 06:00:07"
        },
        {
            "name": "superbalist/flysystem-google-storage",
            "version": "1.0.4",
            "source": {
                "type": "git",
                "url": "https://github.com/Superbalist/flysystem-google-storage.git",
                "reference": "8ae35803a102ed6ce58aa87bf7534d4396513765"
            },
            "dist": {
                "type": "zip",
                "url": "https://api.github.com/repos/Superbalist/flysystem-google-storage/zipball/8ae35803a102ed6ce58aa87bf7534d4396513765",
                "reference": "8ae35803a102ed6ce58aa87bf7534d4396513765",
                "shasum": ""
            },
            "require": {
                "google/apiclient": "~1.1",
                "league/flysystem": "~1.0",
                "php": ">=5.4.0"
            },
            "require-dev": {
                "mockery/mockery": "0.9.*",
                "phpunit/phpunit": "~4.0"
            },
            "type": "library",
            "extra": {
                "branch-alias": {
                    "dev-master": "1.0-dev"
                }
            },
            "autoload": {
                "psr-4": {
                    "Superbalist\\Flysystem\\GoogleStorage\\": "src/"
                }
            },
            "notification-url": "https://packagist.org/downloads/",
            "license": [
                "MIT"
            ],
            "authors": [
                {
                    "name": "Superbalist.com a division of Takealot Online (Pty) Ltd",
                    "email": "info@superbalist.com"
                }
            ],
            "description": "Flysystem adapter for Google Cloud Storage",
            "time": "2016-05-19 14:33:03"
        }
    ],
    "packages-dev": [],
    "aliases": [],
    "minimum-stability": "stable",
    "stability-flags": [],
    "prefer-stable": false,
    "prefer-lowest": false,
    "platform": {
        "php": ">=5.5.9"
    },
    "platform-dev": []
}
